
Microsoft Visual Studio Solution File, Format Version 12.00
# Visual Studio Version 17
VisualStudioVersion = 17.4.33213.308
MinimumVisualStudioVersion = 10.0.40219.1
Project("{FAE04EC0-301F-11D3-BF4B-00C04F79EFBC}") = "SimpleBrokerMessaging.Sender", "SimpleBrokerMessaging.Sender\SimpleBrokerMessaging.Sender.csproj", "{AA31A585-CC4D-4386-9208-2D458E569749}"
EndProject
Project("{FAE04EC0-301F-11D3-BF4B-00C04F79EFBC}") = "SimpleBrokerMessaging.Receiver", "SimpleBrokerMessaging.Receiver\SimpleBrokerMessaging.Receiver.csproj", "{08098D92-0917-4DAA-B90D-61D160BB7E23}"
EndProject
Project("{FAE04EC0-301F-11D3-BF4B-00C04F79EFBC}") = "SimpleBrokerMessaging.ChatConsole", "SimpleBrokerMessaging.ChatConsole\SimpleBrokerMessaging.ChatConsole.csproj", "{46BF00D0-40A4-46EC-A68B-A451ACCBBC5E}"
EndProject
Project("{FAE04EC0-301F-11D3-BF4B-00C04F79EFBC}") = "WorkingWithMessages.Sender", "WorkingWithMessages.Sender\WorkingWithMessages.Sender.csproj", "{D58DC43D-A4AA-4B15-84AF-CF4121285CB4}"
EndProject
Project("{FAE04EC0-301F-11D3-BF4B-00C04F79EFBC}") = "WorkingWithMessages.Receiver", "WorkingWithMessages.Receiver\WorkingWithMessages.Receiver.csproj", "{CCBFC1ED-10F7-4595-B5FE-4C82A6B8F765}"
EndProject
Project("{FAE04EC0-301F-11D3-BF4B-00C04F79EFBC}") = "WorkingWithMessages.Common", "WorkingWithMessages.Common\WorkingWithMessages.Common.csproj", "{C646A8D1-5406-4698-9816-174FF3187537}"
EndProject
Project("{FAE04EC0-301F-11D3-BF4B-00C04F79EFBC}") = "TopicMessaging.Sender", "TopicMessaging.Sender\TopicMessaging.Sender.csproj", "{C90AA468-408C-4645-B306-C4D0AAC56B52}"
EndProject
Project("{FAE04EC0-301F-11D3-BF4B-00C04F79EFBC}") = "TopicMessaging.Receiver", "TopicMessaging.Receiver\TopicMessaging.Receiver.csproj", "{E4144746-AA3D-4E6F-BAF7-120D1A0E35AE}"
EndProject
Project("{FAE04EC0-301F-11D3-BF4B-00C04F79EFBC}") = "TopicsMessaging.Common", "TopicsMessaging.Common\TopicsMessaging.Common.csproj", "{51CD9E54-1D2D-4A2A-BA29-A5E6258F5B98}"
EndProject
Global
	GlobalSection(SolutionConfigurationPlatforms) = preSolution
		Debug|Any CPU = Debug|Any CPU
		Release|Any CPU = Release|Any CPU
	EndGlobalSection
	GlobalSection(ProjectConfigurationPlatforms) = postSolution
		{AA31A585-CC4D-4386-9208-2D458E569749}.Debug|Any CPU.ActiveCfg = Debug|Any CPU
		{AA31A585-CC4D-4386-9208-2D458E569749}.Debug|Any CPU.Build.0 = Debug|Any CPU
		{AA31A585-CC4D-4386-9208-2D458E569749}.Release|Any CPU.ActiveCfg = Release|Any CPU
		{AA31A585-CC4D-4386-9208-2D458E569749}.Release|Any CPU.Build.0 = Release|Any CPU
		{08098D92-0917-4DAA-B90D-61D160BB7E23}.Debug|Any CPU.ActiveCfg = Debug|Any CPU
		{08098D92-0917-4DAA-B90D-61D160BB7E23}.Debug|Any CPU.Build.0 = Debug|Any CPU
		{08098D92-0917-4DAA-B90D-61D160BB7E23}.Release|Any CPU.ActiveCfg = Release|Any CPU
		{08098D92-0917-4DAA-B90D-61D160BB7E23}.Release|Any CPU.Build.0 = Release|Any CPU
		{46BF00D0-40A4-46EC-A68B-A451ACCBBC5E}.Debug|Any CPU.ActiveCfg = Debug|Any CPU
		{46BF00D0-40A4-46EC-A68B-A451ACCBBC5E}.Debug|Any CPU.Build.0 = Debug|Any CPU
		{46BF00D0-40A4-46EC-A68B-A451ACCBBC5E}.Release|Any CPU.ActiveCfg = Release|Any CPU
		{46BF00D0-40A4-46EC-A68B-A451ACCBBC5E}.Release|Any CPU.Build.0 = Release|Any CPU
		{D58DC43D-A4AA-4B15-84AF-CF4121285CB4}.Debug|Any CPU.ActiveCfg = Debug|Any CPU
		{D58DC43D-A4AA-4B15-84AF-CF4121285CB4}.Debug|Any CPU.Build.0 = Debug|Any CPU
		{D58DC43D-A4AA-4B15-84AF-CF4121285CB4}.Release|Any CPU.ActiveCfg = Release|Any CPU
		{D58DC43D-A4AA-4B15-84AF-CF4121285CB4}.Release|Any CPU.Build.0 = Release|Any CPU
		{CCBFC1ED-10F7-4595-B5FE-4C82A6B8F765}.Debug|Any CPU.ActiveCfg = Debug|Any CPU
		{CCBFC1ED-10F7-4595-B5FE-4C82A6B8F765}.Debug|Any CPU.Build.0 = Debug|Any CPU
		{CCBFC1ED-10F7-4595-B5FE-4C82A6B8F765}.Release|Any CPU.ActiveCfg = Release|Any CPU
		{CCBFC1ED-10F7-4595-B5FE-4C82A6B8F765}.Release|Any CPU.Build.0 = Release|Any CPU
		{C646A8D1-5406-4698-9816-174FF3187537}.Debug|Any CPU.ActiveCfg = Debug|Any CPU
		{C646A8D1-5406-4698-9816-174FF3187537}.Debug|Any CPU.Build.0 = Debug|Any CPU
		{C646A8D1-5406-4698-9816-174FF3187537}.Release|Any CPU.ActiveCfg = Release|Any CPU
		{C646A8D1-5406-4698-9816-174FF3187537}.Release|Any CPU.Build.0 = Release|Any CPU
		{C90AA468-408C-4645-B306-C4D0AAC56B52}.Debug|Any CPU.ActiveCfg = Debug|Any CPU
		{C90AA468-408C-4645-B306-C4D0AAC56B52}.Debug|Any CPU.Build.0 = Debug|Any CPU
		{C90AA468-408C-4645-B306-C4D0AAC56B52}.Release|Any CPU.ActiveCfg = Release|Any CPU
		{C90AA468-408C-4645-B306-C4D0AAC56B52}.Release|Any CPU.Build.0 = Release|Any CPU
		{E4144746-AA3D-4E6F-BAF7-120D1A0E35AE}.Debug|Any CPU.ActiveCfg = Debug|Any CPU
		{E4144746-AA3D-4E6F-BAF7-120D1A0E35AE}.Debug|Any CPU.Build.0 = Debug|Any CPU
		{E4144746-AA3D-4E6F-BAF7-120D1A0E35AE}.Release|Any CPU.ActiveCfg = Release|Any CPU
		{E4144746-AA3D-4E6F-BAF7-120D1A0E35AE}.Release|Any CPU.Build.0 = Release|Any CPU
		{51CD9E54-1D2D-4A2A-BA29-A5E6258F5B98}.Debug|Any CPU.ActiveCfg = Debug|Any CPU
		{51CD9E54-1D2D-4A2A-BA29-A5E6258F5B98}.Debug|Any CPU.Build.0 = Debug|Any CPU
		{51CD9E54-1D2D-4A2A-BA29-A5E6258F5B98}.Release|Any CPU.ActiveCfg = Release|Any CPU
		{51CD9E54-1D2D-4A2A-BA29-A5E6258F5B98}.Release|Any CPU.Build.0 = Release|Any CPU
	EndGlobalSection
	GlobalSection(SolutionProperties) = preSolution
		HideSolutionNode = FALSE
	EndGlobalSection
	GlobalSection(ExtensibilityGlobals) = postSolution
		SolutionGuid = {A52F2E2A-7C2C-4308-8185-5FD86D972E0D}
	EndGlobalSection
EndGlobal
